PODS:
  - Flutter (1.0.0)
  - image_gallery_saver (2.0.2):
    - Flutter
  - printing (1.0.0):
    - Flutter

DEPENDENCIES:
  - Flutter (from `Flutter`)
  - image_gallery_saver (from `.symlinks/plugins/image_gallery_saver/ios`)
  - printing (from `.symlinks/plugins/printing/ios`)

EXTERNAL SOURCES:
  Flutter:
    :path: Flutter
  image_gallery_saver:
    :path: ".symlinks/plugins/image_gallery_saver/ios"
  printing:
    :path: ".symlinks/plugins/printing/ios"

SPEC CHECKSUMS:
  Flutter: e0871f40cf51350855a761d2e70bf5af5b9b5de7
  image_gallery_saver: cb43cc43141711190510e92c460eb1655cd343cb
  printing: 233e1b73bd1f4a05615548e9b5a324c98588640b

PODFILE CHECKSUM: 1857a7cdb7dfafe45f2b0e9a9af44644190f7506

COCOAPODS: 1.16.2
